
Microsoft Visual Studio Solution File, Format Version 12.00
# Visual Studio Version 16
VisualStudioVersion = 16.0.29021.104
MinimumVisualStudioVersion = 10.0.40219.1
Project("{FAE04EC0-301F-11D3-BF4B-00C04F79EFBC}") = "Color_Picker", "Color_Picker\Color_Picker.csproj", "{04825AC0-F496-4ABC-8B63-B1E5421C8FF0}"
EndProject
Global
	GlobalSection(SolutionConfigurationPlatforms) = preSolution
		Debug|Any CPU = Debug|Any CPU
		Release|Any CPU = Release|Any CPU
	EndGlobalSection
	GlobalSection(ProjectConfigurationPlatforms) = postSolution
		{04825AC0-F496-4ABC-8B63-B1E5421C8FF0}.Debug|Any CPU.ActiveCfg = Debug|Any CPU
		{04825AC0-F496-4ABC-8B63-B1E5421C8FF0}.Debug|Any CPU.Build.0 = Debug|Any CPU
		{04825AC0-F496-4ABC-8B63-B1E5421C8FF0}.Release|Any CPU.ActiveCfg = Release|Any CPU
		{04825AC0-F496-4ABC-8B63-B1E5421C8FF0}.Release|Any CPU.Build.0 = Release|Any CPU
	EndGlobalSection
	GlobalSection(SolutionProperties) = preSolution
		HideSolutionNode = FALSE
	EndGlobalSection
	GlobalSection(ExtensibilityGlobals) = postSolution
		SolutionGuid = {1C619208-5C45-4AE9-AF91-340C6F59B6EB}
	EndGlobalSection
EndGlobal
